// !$*UTF8*$!
{
	archiveVersion = 1;
	classes = {
	};
	objectVersion = 46;
	objects = {

/* Begin PBXBuildFile section */
		4633A7D01CFC6424007E359D /* AppDelegate.swift in Sources */ = {isa = PBXBuildFile; fileRef = 4633A7CF1CFC6424007E359D /* AppDelegate.swift */; };
		4633A7D21CFC6424007E359D /* LoginViewController.swift in Sources */ = {isa = PBXBuildFile; fileRef = 4633A7D11CFC6424007E359D /* LoginViewController.swift */; };
		4633A7D51CFC6424007E359D /* Main.storyboard in Resources */ = {isa = PBXBuildFile; fileRef = 4633A7D31CFC6424007E359D /* Main.storyboard */; };
		4633A7D71CFC6424007E359D /* Assets.xcassets in Resources */ = {isa = PBXBuildFile; fileRef = 4633A7D61CFC6424007E359D /* Assets.xcassets */; };
		4633A7DA1CFC6424007E359D /* LaunchScreen.storyboard in Resources */ = {isa = PBXBuildFile; fileRef = 4633A7D81CFC6424007E359D /* LaunchScreen.storyboard */; };
		4633A7E51CFC6424007E359D /* On_The_MapTests.swift in Sources */ = {isa = PBXBuildFile; fileRef = 4633A7E41CFC6424007E359D /* On_The_MapTests.swift */; };
		4633A7F01CFC6424007E359D /* On_The_MapUITests.swift in Sources */ = {isa = PBXBuildFile; fileRef = 4633A7EF1CFC6424007E359D /* On_The_MapUITests.swift */; };
		4633A7FE1CFC6786007E359D /* udacity_share-46db4b8faf075a5af5a1070a7fa0ad3639783609ff45f447e4ea467fe3aa9d32.png in Resources */ = {isa = PBXBuildFile; fileRef = 4633A7FD1CFC6786007E359D /* udacity_share-46db4b8faf075a5af5a1070a7fa0ad3639783609ff45f447e4ea467fe3aa9d32.png */; };
		4633A8001CFC8F2C007E359D /* GCDBlackBox.swift in Sources */ = {isa = PBXBuildFile; fileRef = 4633A7FF1CFC8F2C007E359D /* GCDBlackBox.swift */; };
		4633A83C1D017C29007E359D /* MapViewController.swift in Sources */ = {isa = PBXBuildFile; fileRef = 4633A83B1D017C29007E359D /* MapViewController.swift */; };
		4633A83E1D017CF9007E359D /* MapTableViewController.swift in Sources */ = {isa = PBXBuildFile; fileRef = 4633A83D1D017CF9007E359D /* MapTableViewController.swift */; };
		4633A8401D0185EE007E359D /* FindOnTheMapViewController.swift in Sources */ = {isa = PBXBuildFile; fileRef = 4633A83F1D0185EE007E359D /* FindOnTheMapViewController.swift */; };
		4633A8481D030F91007E359D /* UConstants.swift in Sources */ = {isa = PBXBuildFile; fileRef = 4633A8471D030F91007E359D /* UConstants.swift */; };
		4633A84A1D030F9D007E359D /* UConvenience.swift in Sources */ = {isa = PBXBuildFile; fileRef = 4633A8491D030F9D007E359D /* UConvenience.swift */; };
		4633A84C1D030FAE007E359D /* UClient.swift in Sources */ = {isa = PBXBuildFile; fileRef = 4633A84B1D030FAE007E359D /* UClient.swift */; };
		4633A84F1D034217007E359D /* PConstants.swift in Sources */ = {isa = PBXBuildFile; fileRef = 4633A84E1D034217007E359D /* PConstants.swift */; };
		4633A8511D034224007E359D /* PConvenience.swift in Sources */ = {isa = PBXBuildFile; fileRef = 4633A8501D034224007E359D /* PConvenience.swift */; };
		4633A8531D034231007E359D /* PClient.swift in Sources */ = {isa = PBXBuildFile; fileRef = 4633A8521D034231007E359D /* PClient.swift */; };
		4633A8551D035C05007E359D /* InfoModel.swift in Sources */ = {isa = PBXBuildFile; fileRef = 4633A8541D035C05007E359D /* InfoModel.swift */; };
/* End PBXBuildFile section */

/* Begin PBXContainerItemProxy section */
		4633A7E11CFC6424007E359D /* PBXContainerItemProxy */ = {
			isa = PBXContainerItemProxy;
			containerPortal = 4633A7C41CFC6424007E359D /* Project object */;
			proxyType = 1;
			remoteGlobalIDString = 4633A7CB1CFC6424007E359D;
			remoteInfo = "On The Map";
		};
		4633A7EC1CFC6424007E359D /* PBXContainerItemProxy */ = {
			isa = PBXContainerItemProxy;
			containerPortal = 4633A7C41CFC6424007E359D /* Project object */;
			proxyType = 1;
			remoteGlobalIDString = 4633A7CB1CFC6424007E359D;
			remoteInfo = "On The Map";
		};
/* End PBXContainerItemProxy section */

/* Begin PBXFileReference section */
		4633A7CC1CFC6424007E359D /* On The Map.app */ = {isa = PBXFileReference; explicitFileType = wrapper.application; includeInIndex = 0; path = "On The Map.app"; sourceTree = BUILT_PRODUCTS_DIR; };
		4633A7CF1CFC6424007E359D /* AppDelegate.swift */ = {isa = PBXFileReference; lastKnownFileType = sourcecode.swift; path = AppDelegate.swift; sourceTree = "<group>"; };
		4633A7D11CFC6424007E359D /* LoginViewController.swift */ = {isa = PBXFileReference; lastKnownFileType = sourcecode.swift; path = LoginViewController.swift; sourceTree = "<group>"; };
		4633A7D41CFC6424007E359D /* Base */ = {isa = PBXFileReference; lastKnownFileType = file.storyboard; name = Base; path = Base.lproj/Main.storyboard; sourceTree = "<group>"; };
		4633A7D61CFC6424007E359D /* Assets.xcassets */ = {isa = PBXFileReference; lastKnownFileType = folder.assetcatalog; path = Assets.xcassets; sourceTree = "<group>"; };
		4633A7D91CFC6424007E359D /* Base */ = {isa = PBXFileReference; lastKnownFileType = file.storyboard; name = Base; path = Base.lproj/LaunchScreen.storyboard; sourceTree = "<group>"; };
		4633A7DB1CFC6424007E359D /* Info.plist */ = {isa = PBXFileReference; lastKnownFileType = text.plist.xml; path = Info.plist; sourceTree = "<group>"; };
		4633A7E01CFC6424007E359D /* On The MapTests.xctest */ = {isa = PBXFileReference; explicitFileType = wrapper.cfbundle; includeInIndex = 0; path = "On The MapTests.xctest"; sourceTree = BUILT_PRODUCTS_DIR; };
		4633A7E41CFC6424007E359D /* On_The_MapTests.swift */ = {isa = PBXFileReference; lastKnownFileType = sourcecode.swift; path = On_The_MapTests.swift; sourceTree = "<group>"; };
		4633A7E61CFC6424007E359D /* Info.plist */ = {isa = PBXFileReference; lastKnownFileType = text.plist.xml; path = Info.plist; sourceTree = "<group>"; };
		4633A7EB1CFC6424007E359D /* On The MapUITests.xctest */ = {isa = PBXFileReference; explicitFileType = wrapper.cfbundle; includeInIndex = 0; path = "On The MapUITests.xctest"; sourceTree = BUILT_PRODUCTS_DIR; };
		4633A7EF1CFC6424007E359D /* On_The_MapUITests.swift */ = {isa = PBXFileReference; lastKnownFileType = sourcecode.swift; path = On_The_MapUITests.swift; sourceTree = "<group>"; };
		4633A7F11CFC6424007E359D /* Info.plist */ = {isa = PBXFileReference; lastKnownFileType = text.plist.xml; path = Info.plist; sourceTree = "<group>"; };
		4633A7FD1CFC6786007E359D /* udacity_share-46db4b8faf075a5af5a1070a7fa0ad3639783609ff45f447e4ea467fe3aa9d32.png */ = {isa = PBXFileReference; lastKnownFileType = image.png; path = "udacity_share-46db4b8faf075a5af5a1070a7fa0ad3639783609ff45f447e4ea467fe3aa9d32.png"; sourceTree = "<group>"; };
		4633A7FF1CFC8F2C007E359D /* GCDBlackBox.swift */ = {isa = PBXFileReference; fileEncoding = 4; lastKnownFileType = sourcecode.swift; path = GCDBlackBox.swift; sourceTree = "<group>"; };
		4633A83B1D017C29007E359D /* MapViewController.swift */ = {isa = PBXFileReference; fileEncoding = 4; lastKnownFileType = sourcecode.swift; path = MapViewController.swift; sourceTree = "<group>"; };
		4633A83D1D017CF9007E359D /* MapTableViewController.swift */ = {isa = PBXFileReference; fileEncoding = 4; lastKnownFileType = sourcecode.swift; path = MapTableViewController.swift; sourceTree = "<group>"; };
		4633A83F1D0185EE007E359D /* FindOnTheMapViewController.swift */ = {isa = PBXFileReference; fileEncoding = 4; lastKnownFileType = sourcecode.swift; path = FindOnTheMapViewController.swift; sourceTree = "<group>"; };
		4633A8471D030F91007E359D /* UConstants.swift */ = {isa = PBXFileReference; fileEncoding = 4; lastKnownFileType = sourcecode.swift; path = UConstants.swift; sourceTree = "<group>"; };
		4633A8491D030F9D007E359D /* UConvenience.swift */ = {isa = PBXFileReference; fileEncoding = 4; lastKnownFileType = sourcecode.swift; path = UConvenience.swift; sourceTree = "<group>"; };
		4633A84B1D030FAE007E359D /* UClient.swift */ = {isa = PBXFileReference; fileEncoding = 4; lastKnownFileType = sourcecode.swift; path = UClient.swift; sourceTree = "<group>"; };
		4633A84E1D034217007E359D /* PConstants.swift */ = {isa = PBXFileReference; fileEncoding = 4; lastKnownFileType = sourcecode.swift; path = PConstants.swift; sourceTree = "<group>"; };
		4633A8501D034224007E359D /* PConvenience.swift */ = {isa = PBXFileReference; fileEncoding = 4; lastKnownFileType = sourcecode.swift; path = PConvenience.swift; sourceTree = "<group>"; };
		4633A8521D034231007E359D /* PClient.swift */ = {isa = PBXFileReference; fileEncoding = 4; lastKnownFileType = sourcecode.swift; path = PClient.swift; sourceTree = "<group>"; };
		4633A8541D035C05007E359D /* InfoModel.swift */ = {isa = PBXFileReference; fileEncoding = 4; lastKnownFileType = sourcecode.swift; path = InfoModel.swift; sourceTree = "<group>"; };
/* End PBXFileReference section */

/* Begin PBXFrameworksBuildPhase section */
		4633A7C91CFC6424007E359D /* Frameworks */ = {
			isa = PBXFrameworksBuildPhase;
			buildActionMask = 2147483647;
			files = (
			);
			runOnlyForDeploymentPostprocessing = 0;
		};
		4633A7DD1CFC6424007E359D /* Frameworks */ = {
			isa = PBXFrameworksBuildPhase;
			buildActionMask = 2147483647;
			files = (
			);
			runOnlyForDeploymentPostprocessing = 0;
		};
		4633A7E81CFC6424007E359D /* Frameworks */ = {
			isa = PBXFrameworksBuildPhase;
			buildActionMask = 2147483647;
			files = (
			);
			runOnlyForDeploymentPostprocessing = 0;
		};
/* End PBXFrameworksBuildPhase section */

/* Begin PBXGroup section */
		4633A7C31CFC6424007E359D = {
			isa = PBXGroup;
			children = (
				4633A7CE1CFC6424007E359D /* On The Map */,
				4633A7E31CFC6424007E359D /* On The MapTests */,
				4633A7EE1CFC6424007E359D /* On The MapUITests */,
				4633A7CD1CFC6424007E359D /* Products */,
			);
			sourceTree = "<group>";
		};
		4633A7CD1CFC6424007E359D /* Products */ = {
			isa = PBXGroup;
			children = (
				4633A7CC1CFC6424007E359D /* On The Map.app */,
				4633A7E01CFC6424007E359D /* On The MapTests.xctest */,
				4633A7EB1CFC6424007E359D /* On The MapUITests.xctest */,
			);
			name = Products;
			sourceTree = "<group>";
		};
		4633A7CE1CFC6424007E359D /* On The Map */ = {
			isa = PBXGroup;
			children = (
				4633A7CF1CFC6424007E359D /* AppDelegate.swift */,
				4633A7D31CFC6424007E359D /* Main.storyboard */,
				4633A7FF1CFC8F2C007E359D /* GCDBlackBox.swift */,
				4633A7D61CFC6424007E359D /* Assets.xcassets */,
				4633A7D81CFC6424007E359D /* LaunchScreen.storyboard */,
				4633A7FD1CFC6786007E359D /* udacity_share-46db4b8faf075a5af5a1070a7fa0ad3639783609ff45f447e4ea467fe3aa9d32.png */,
				4633A7DB1CFC6424007E359D /* Info.plist */,
				4633A84D1D031790007E359D /* Controllers */,
				4633A8431D030F2B007E359D /* Model */,
			);
			path = "On The Map";
			sourceTree = "<group>";
		};
		4633A7E31CFC6424007E359D /* On The MapTests */ = {
			isa = PBXGroup;
			children = (
				4633A7E41CFC6424007E359D /* On_The_MapTests.swift */,
				4633A7E61CFC6424007E359D /* Info.plist */,
			);
			path = "On The MapTests";
			sourceTree = "<group>";
		};
		4633A7EE1CFC6424007E359D /* On The MapUITests */ = {
			isa = PBXGroup;
			children = (
				4633A7EF1CFC6424007E359D /* On_The_MapUITests.swift */,
				4633A7F11CFC6424007E359D /* Info.plist */,
			);
			path = "On The MapUITests";
			sourceTree = "<group>";
		};
		4633A8431D030F2B007E359D /* Model */ = {
			isa = PBXGroup;
			children = (
				4633A8441D030F42007E359D /* Clients */,
			);
			name = Model;
			sourceTree = "<group>";
		};
		4633A8441D030F42007E359D /* Clients */ = {
			isa = PBXGroup;
			children = (
				4633A8461D030F4E007E359D /* Udacity */,
				4633A8451D030F48007E359D /* Parse */,
			);
			name = Clients;
			sourceTree = "<group>";
		};
		4633A8451D030F48007E359D /* Parse */ = {
			isa = PBXGroup;
			children = (
				4633A84E1D034217007E359D /* PConstants.swift */,
				4633A8501D034224007E359D /* PConvenience.swift */,
				4633A8521D034231007E359D /* PClient.swift */,
				4633A8541D035C05007E359D /* InfoModel.swift */,
			);
			name = Parse;
			sourceTree = "<group>";
		};
		4633A8461D030F4E007E359D /* Udacity */ = {
			isa = PBXGroup;
			children = (
				4633A8471D030F91007E359D /* UConstants.swift */,
				4633A8491D030F9D007E359D /* UConvenience.swift */,
				4633A84B1D030FAE007E359D /* UClient.swift */,
			);
			name = Udacity;
			sourceTree = "<group>";
		};
		4633A84D1D031790007E359D /* Controllers */ = {
			isa = PBXGroup;
			children = (
				4633A7D11CFC6424007E359D /* LoginViewController.swift */,
				4633A83B1D017C29007E359D /* MapViewController.swift */,
				4633A83D1D017CF9007E359D /* MapTableViewController.swift */,
				4633A83F1D0185EE007E359D /* FindOnTheMapViewController.swift */,
			);
			name = Controllers;
			sourceTree = "<group>";
		};
/* End PBXGroup section */

/* Begin PBXNativeTarget section */
		4633A7CB1CFC6424007E359D /* On The Map */ = {
			isa = PBXNativeTarget;
			buildConfigurationList = 4633A7F41CFC6424007E359D /* Build configuration list for PBXNativeTarget "On The Map" */;
			buildPhases = (
				4633A7C81CFC6424007E359D /* Sources */,
				4633A7C91CFC6424007E359D /* Frameworks */,
				4633A7CA1CFC6424007E359D /* Resources */,
			);
			buildRules = (
			);
			dependencies = (
			);
			name = "On The Map";
			productName = "On The Map";
			productReference = 4633A7CC1CFC6424007E359D /* On The Map.app */;
			productType = "com.apple.product-type.application";
		};
		4633A7DF1CFC6424007E359D /* On The MapTests */ = {
			isa = PBXNativeTarget;
			buildConfigurationList = 4633A7F71CFC6424007E359D /* Build configuration list for PBXNativeTarget "On The MapTests" */;
			buildPhases = (
				4633A7DC1CFC6424007E359D /* Sources */,
				4633A7DD1CFC6424007E359D /* Frameworks */,
				4633A7DE1CFC6424007E359D /* Resources */,
			);
			buildRules = (
			);
			dependencies = (
				4633A7E21CFC6424007E359D /* PBXTargetDependency */,
			);
			name = "On The MapTests";
			productName = "On The MapTests";
			productReference = 4633A7E01CFC6424007E359D /* On The MapTests.xctest */;
			productType = "com.apple.product-type.bundle.unit-test";
		};
		4633A7EA1CFC6424007E359D /* On The MapUITests */ = {
			isa = PBXNativeTarget;
			buildConfigurationList = 4633A7FA1CFC6424007E359D /* Build configuration list for PBXNativeTarget "On The MapUITests" */;
			buildPhases = (
				4633A7E71CFC6424007E359D /* Sources */,
				4633A7E81CFC6424007E359D /* Frameworks */,
				4633A7E91CFC6424007E359D /* Resources */,
			);
			buildRules = (
			);
			dependencies = (
				4633A7ED1CFC6424007E359D /* PBXTargetDependency */,
			);
			name = "On The MapUITests";
			productName = "On The MapUITests";
			productReference = 4633A7EB1CFC6424007E359D /* On The MapUITests.xctest */;
			productType = "com.apple.product-type.bundle.ui-testing";
		};
/* End PBXNativeTarget section */

/* Begin PBXProject section */
		4633A7C41CFC6424007E359D /* Project object */ = {
			isa = PBXProject;
			attributes = {
				LastSwiftUpdateCheck = 0730;
				LastUpgradeCheck = 0730;
				ORGANIZATIONNAME = "Chirag Ramani";
				TargetAttributes = {
					4633A7CB1CFC6424007E359D = {
						CreatedOnToolsVersion = 7.3.1;
					};
					4633A7DF1CFC6424007E359D = {
						CreatedOnToolsVersion = 7.3.1;
						TestTargetID = 4633A7CB1CFC6424007E359D;
					};
					4633A7EA1CFC6424007E359D = {
						CreatedOnToolsVersion = 7.3.1;
						TestTargetID = 4633A7CB1CFC6424007E359D;
					};
				};
			};
			buildConfigurationList = 4633A7C71CFC6424007E359D /* Build configuration list for PBXProject "On The Map" */;
			compatibilityVersion = "Xcode 3.2";
			developmentRegion = English;
			hasScannedForEncodings = 0;
			knownRegions = (
				en,
				Base,
			);
			mainGroup = 4633A7C31CFC6424007E359D;
			productRefGroup = 4633A7CD1CFC6424007E359D /* Products */;
			projectDirPath = "";
			projectRoot = "";
			targets = (
				4633A7CB1CFC6424007E359D /* On The Map */,
				4633A7DF1CFC6424007E359D /* On The MapTests */,
				4633A7EA1CFC6424007E359D /* On The MapUITests */,
			);
		};
/* End PBXProject section */

/* Begin PBXResourcesBuildPhase section */
		4633A7CA1CFC6424007E359D /* Resources */ = {
			isa = PBXResourcesBuildPhase;
			buildActionMask = 2147483647;
			files = (
				4633A7DA1CFC6424007E359D /* LaunchScreen.storyboard in Resources */,
				4633A7D71CFC6424007E359D /* Assets.xcassets in Resources */,
				4633A7D51CFC6424007E359D /* Main.storyboard in Resources */,
				4633A7FE1CFC6786007E359D /* udacity_share-46db4b8faf075a5af5a1070a7fa0ad3639783609ff45f447e4ea467fe3aa9d32.png in Resources */,
			);
			runOnlyForDeploymentPostprocessing = 0;
		};
		4633A7DE1CFC6424007E359D /* Resources */ = {
			isa = PBXResourcesBuildPhase;
			buildActionMask = 2147483647;
			files = (
			);
			runOnlyForDeploymentPostprocessing = 0;
		};
		4633A7E91CFC6424007E359D /* Resources */ = {
			isa = PBXResourcesBuildPhase;
			buildActionMask = 2147483647;
			files = (
			);
			runOnlyForDeploymentPostprocessing = 0;
		};
/* End PBXResourcesBuildPhase section */

/* Begin PBXSourcesBuildPhase section */
		4633A7C81CFC6424007E359D /* Sources */ = {
			isa = PBXSourcesBuildPhase;
			buildActionMask = 2147483647;
			files = (
				4633A8401D0185EE007E359D /* FindOnTheMapViewController.swift in Sources */,
				4633A8531D034231007E359D /* PClient.swift in Sources */,
				4633A7D21CFC6424007E359D /* LoginViewController.swift in Sources */,
				4633A8001CFC8F2C007E359D /* GCDBlackBox.swift in Sources */,
				4633A7D01CFC6424007E359D /* AppDelegate.swift in Sources */,
				4633A83E1D017CF9007E359D /* MapTableViewController.swift in Sources */,
				4633A8511D034224007E359D /* PConvenience.swift in Sources */,
				4633A83C1D017C29007E359D /* MapViewController.swift in Sources */,
				4633A84A1D030F9D007E359D /* UConvenience.swift in Sources */,
				4633A84F1D034217007E359D /* PConstants.swift in Sources */,
				4633A8551D035C05007E359D /* InfoModel.swift in Sources */,
				4633A84C1D030FAE007E359D /* UClient.swift in Sources */,
				4633A8481D030F91007E359D /* UConstants.swift in Sources */,
			);
			runOnlyForDeploymentPostprocessing = 0;
		};
		4633A7DC1CFC6424007E359D /* Sources */ = {
			isa = PBXSourcesBuildPhase;
			buildActionMask = 2147483647;
			files = (
				4633A7E51CFC6424007E359D /* On_The_MapTests.swift in Sources */,
			);
			runOnlyForDeploymentPostprocessing = 0;
		};
		4633A7E71CFC6424007E359D /* Sources */ = {
			isa = PBXSourcesBuildPhase;
			buildActionMask = 2147483647;
			files = (
				4633A7F01CFC6424007E359D /* On_The_MapUITests.swift in Sources */,
			);
			runOnlyForDeploymentPostprocessing = 0;
		};
/* End PBXSourcesBuildPhase section */

/* Begin PBXTargetDependency section */
		4633A7E21CFC6424007E359D /* PBXTargetDependency */ = {
			isa = PBXTargetDependency;
			target = 4633A7CB1CFC6424007E359D /* On The Map */;
			targetProxy = 4633A7E11CFC6424007E359D /* PBXContainerItemProxy */;
		};
		4633A7ED1CFC6424007E359D /* PBXTargetDependency */ = {
			isa = PBXTargetDependency;
			target = 4633A7CB1CFC6424007E359D /* On The Map */;
			targetProxy = 4633A7EC1CFC6424007E359D /* PBXContainerItemProxy */;
		};
/* End PBXTargetDependency section */

/* Begin PBXVariantGroup section */
		4633A7D31CFC6424007E359D /* Main.storyboard */ = {
			isa = PBXVariantGroup;
			children = (
				4633A7D41CFC6424007E359D /* Base */,
			);
			name = Main.storyboard;
			sourceTree = "<group>";
		};
		4633A7D81CFC6424007E359D /* LaunchScreen.storyboard */ = {
			isa = PBXVariantGroup;
			children = (
				4633A7D91CFC6424007E359D /* Base */,
			);
			name = LaunchScreen.storyboard;
			sourceTree = "<group>";
		};
/* End PBXVariantGroup section */

/* Begin XCBuildConfiguration section */
		4633A7F21CFC6424007E359D /* Debug */ = {
			isa = XCBuildConfiguration;
			buildSettings = {
				ALWAYS_SEARCH_USER_PATHS = NO;
				CLANG_ANALYZER_NONNULL = YES;
				CLANG_CXX_LANGUAGE_STANDARD = "gnu++0x";
				CLANG_CXX_LIBRARY = "libc++";
				CLANG_ENABLE_MODULES = YES;
				CLANG_ENABLE_OBJC_ARC = YES;
				CLANG_WARN_BOOL_CONVERSION = YES;
				CLANG_WARN_CONSTANT_CONVERSION = YES;
				CLANG_WARN_DIRECT_OBJC_ISA_USAGE = YES_ERROR;
				CLANG_WARN_EMPTY_BODY = YES;
				CLANG_WARN_ENUM_CONVERSION = YES;
				CLANG_WARN_INT_CONVERSION = YES;
				CLANG_WARN_OBJC_ROOT_CLASS = YES_ERROR;
				CLANG_WARN_UNREACHABLE_CODE = YES;
				CLANG_WARN__DUPLICATE_METHOD_MATCH = YES;
				"CODE_SIGN_IDENTITY[sdk=iphoneos*]" = "iPhone Developer";
				COPY_PHASE_STRIP = NO;
				DEBUG_INFORMATION_FORMAT = dwarf;
				ENABLE_STRICT_OBJC_MSGSEND = YES;
				ENABLE_TESTABILITY = YES;
				GCC_C_LANGUAGE_STANDARD = gnu99;
				GCC_DYNAMIC_NO_PIC = NO;
				GCC_NO_COMMON_BLOCKS = YES;
				GCC_OPTIMIZATION_LEVEL = 0;
				GCC_PREPROCESSOR_DEFINITIONS = (
					"DEBUG=1",
					"$(inherited)",
				);
				GCC_WARN_64_TO_32_BIT_CONVERSION = YES;
				GCC_WARN_ABOUT_RETURN_TYPE = YES_ERROR;
				GCC_WARN_UNDECLARED_SELECTOR = YES;
				GCC_WARN_UNINITIALIZED_AUTOS = YES_AGGRESSIVE;
				GCC_WARN_UNUSED_FUNCTION = YES;
				GCC_WARN_UNUSED_VARIABLE = YES;
				IPHONEOS_DEPLOYMENT_TARGET = 9.3;
				MTL_ENABLE_DEBUG_INFO = YES;
				ONLY_ACTIVE_ARCH = YES;
				SDKROOT = iphoneos;
				SWIFT_OPTIMIZATION_LEVEL = "-Onone";
				TARGETED_DEVICE_FAMILY = "1,2";
			};
			name = Debug;
		};
		4633A7F31CFC6424007E359D /* Release */ = {
			isa = XCBuildConfiguration;
			buildSettings = {
				ALWAYS_SEARCH_USER_PATHS = NO;
				CLANG_ANALYZER_NONNULL = YES;
				CLANG_CXX_LANGUAGE_STANDARD = "gnu++0x";
				CLANG_CXX_LIBRARY = "libc++";
				CLANG_ENABLE_MODULES = YES;
				CLANG_ENABLE_OBJC_ARC = YES;
				CLANG_WARN_BOOL_CONVERSION = YES;
				CLANG_WARN_CONSTANT_CONVERSION = YES;
				CLANG_WARN_DIRECT_OBJC_ISA_USAGE = YES_ERROR;
				CLANG_WARN_EMPTY_BODY = YES;
				CLANG_WARN_ENUM_CONVERSION = YES;
				CLANG_WARN_INT_CONVERSION = YES;
				CLANG_WARN_OBJC_ROOT_CLASS = YES_ERROR;
				CLANG_WARN_UNREACHABLE_CODE = YES;
				CLANG_WARN__DUPLICATE_METHOD_MATCH = YES;
				"CODE_SIGN_IDENTITY[sdk=iphoneos*]" = "iPhone Developer";
				COPY_PHASE_STRIP = NO;
				DEBUG_INFORMATION_FORMAT = "dwarf-with-dsym";
				ENABLE_NS_ASSERTIONS = NO;
				ENABLE_STRICT_OBJC_MSGSEND = YES;
				GCC_C_LANGUAGE_STANDARD = gnu99;
				GCC_NO_COMMON_BLOCKS = YES;
				GCC_WARN_64_TO_32_BIT_CONVERSION = YES;
				GCC_WARN_ABOUT_RETURN_TYPE = YES_ERROR;
				GCC_WARN_UNDECLARED_SELECTOR = YES;
				GCC_WARN_UNINITIALIZED_AUTOS = YES_AGGRESSIVE;
				GCC_WARN_UNUSED_FUNCTION = YES;
				GCC_WARN_UNUSED_VARIABLE = YES;
				IPHONEOS_DEPLOYMENT_TARGET = 9.3;
				MTL_ENABLE_DEBUG_INFO = NO;
				SDKROOT = iphoneos;
				TARGETED_DEVICE_FAMILY = "1,2";
				VALIDATE_PRODUCT = YES;
			};
			name = Release;
		};
		4633A7F51CFC6424007E359D /* Debug */ = {
			isa = XCBuildConfiguration;
			buildSettings = {
				ASSETCATALOG_COMPILER_APPICON_NAME = AppIcon;
				INFOPLIST_FILE = "On The Map/Info.plist";
				LD_RUNPATH_SEARCH_PATHS = "$(inherited) @executable_path/Frameworks";
				PRODUCT_BUNDLE_IDENTIFIER = "self.On-The-Map";
				PRODUCT_NAME = "$(TARGET_NAME)";
				TARGETED_DEVICE_FAMILY = "1,2";
			};
			name = Debug;
		};
		4633A7F61CFC6424007E359D /* Release */ = {
			isa = XCBuildConfiguration;
			buildSettings = {
				ASSETCATALOG_COMPILER_APPICON_NAME = AppIcon;
				INFOPLIST_FILE = "On The Map/Info.plist";
				LD_RUNPATH_SEARCH_PATHS = "$(inherited) @executable_path/Frameworks";
				PRODUCT_BUNDLE_IDENTIFIER = "self.On-The-Map";
				PRODUCT_NAME = "$(TARGET_NAME)";
				TARGETED_DEVICE_FAMILY = "1,2";
			};
			name = Release;
		};
		4633A7F81CFC6424007E359D /* Debug */ = {
			isa = XCBuildConfiguration;
			buildSettings = {
				BUNDLE_LOADER = "$(TEST_HOST)";
				INFOPLIST_FILE = "On The MapTests/Info.plist";
				LD_RUNPATH_SEARCH_PATHS = "$(inherited) @executable_path/Frameworks @loader_path/Frameworks";
				PRODUCT_BUNDLE_IDENTIFIER = "self.On-The-MapTests";
				PRODUCT_NAME = "$(TARGET_NAME)";
				TEST_HOST = "$(BUILT_PRODUCTS_DIR)/On The Map.app/On The Map";
			};
			name = Debug;
		};
		4633A7F91CFC6424007E359D /* Release */ = {
			isa = XCBuildConfiguration;
			buildSettings = {
				BUNDLE_LOADER = "$(TEST_HOST)";
				INFOPLIST_FILE = "On The MapTests/Info.plist";
				LD_RUNPATH_SEARCH_PATHS = "$(inherited) @executable_path/Frameworks @loader_path/Frameworks";
				PRODUCT_BUNDLE_IDENTIFIER = "self.On-The-MapTests";
				PRODUCT_NAME = "$(TARGET_NAME)";
				TEST_HOST = "$(BUILT_PRODUCTS_DIR)/On The Map.app/On The Map";
			};
			name = Release;
		};
		4633A7FB1CFC6424007E359D /* Debug */ = {
			isa = XCBuildConfiguration;
			buildSettings = {
				INFOPLIST_FILE = "On The MapUITests/Info.plist";
				LD_RUNPATH_SEARCH_PATHS = "$(inherited) @executable_path/Frameworks @loader_path/Frameworks";
				PRODUCT_BUNDLE_IDENTIFIER = "self.On-The-MapUITests";
				PRODUCT_NAME = "$(TARGET_NAME)";
				TEST_TARGET_NAME = "On The Map";
			};
			name = Debug;
		};
		4633A7FC1CFC6424007E359D /* Release */ = {
			isa = XCBuildConfiguration;
			buildSettings = {
				INFOPLIST_FILE = "On The MapUITests/Info.plist";
				LD_RUNPATH_SEARCH_PATHS = "$(inherited) @executable_path/Frameworks @loader_path/Frameworks";
				PRODUCT_BUNDLE_IDENTIFIER = "self.On-The-MapUITests";
				PRODUCT_NAME = "$(TARGET_NAME)";
				TEST_TARGET_NAME = "On The Map";
			};
			name = Release;
		};
/* End XCBuildConfiguration section */

/* Begin XCConfigurationList section */
		4633A7C71CFC6424007E359D /* Build configuration list for PBXProject "On The Map" */ = {
			isa = XCConfigurationList;
			buildConfigurations = (
				4633A7F21CFC6424007E359D /* Debug */,
				4633A7F31CFC6424007E359D /* Release */,
			);
			defaultConfigurationIsVisible = 0;
			defaultConfigurationName = Release;
		};
		4633A7F41CFC6424007E359D /* Build configuration list for PBXNativeTarget "On The Map" */ = {
			isa = XCConfigurationList;
			buildConfigurations = (
				4633A7F51CFC6424007E359D /* Debug */,
				4633A7F61CFC6424007E359D /* Release */,
			);
			defaultConfigurationIsVisible = 0;
			defaultConfigurationName = Release;
		};
		4633A7F71CFC6424007E359D /* Build configuration list for PBXNativeTarget "On The MapTests" */ = {
			isa = XCConfigurationList;
			buildConfigurations = (
				4633A7F81CFC6424007E359D /* Debug */,
				4633A7F91CFC6424007E359D /* Release */,
			);
			defaultConfigurationIsVisible = 0;
			defaultConfigurationName = Release;
		};
		4633A7FA1CFC6424007E359D /* Build configuration list for PBXNativeTarget "On The MapUITests" */ = {
			isa = XCConfigurationList;
			buildConfigurations = (
				4633A7FB1CFC6424007E359D /* Debug */,
				4633A7FC1CFC6424007E359D /* Release */,
			);
			defaultConfigurationIsVisible = 0;
			defaultConfigurationName = Release;
		};
/* End XCConfigurationList section */
	};
	rootObject = 4633A7C41CFC6424007E359D /* Project object */;
}
